
Microsoft Visual Studio Solution File, Format Version 12.00
# Visual Studio Version 17
VisualStudioVersion = 17.11.35312.102
MinimumVisualStudioVersion = 10.0.40219.1
Project("{FAE04EC0-301F-11D3-BF4B-00C04F79EFBC}") = "st10043611Function", "st10043611Function\st10043611Function.csproj", "{FB24B328-4858-452B-A561-2DF93AEFF52D}"
EndProject
Global
	GlobalSection(SolutionConfigurationPlatforms) = preSolution
		Debug|Any CPU = Debug|Any CPU
		Release|Any CPU = Release|Any CPU
	EndGlobalSection
	GlobalSection(ProjectConfigurationPlatforms) = postSolution
		{FB24B328-4858-452B-A561-2DF93AEFF52D}.Debug|Any CPU.ActiveCfg = Debug|Any CPU
		{FB24B328-4858-452B-A561-2DF93AEFF52D}.Debug|Any CPU.Build.0 = Debug|Any CPU
		{FB24B328-4858-452B-A561-2DF93AEFF52D}.Release|Any CPU.ActiveCfg = Release|Any CPU
		{FB24B328-4858-452B-A561-2DF93AEFF52D}.Release|Any CPU.Build.0 = Release|Any CPU
	EndGlobalSection
	GlobalSection(SolutionProperties) = preSolution
		HideSolutionNode = FALSE
	EndGlobalSection
	GlobalSection(ExtensibilityGlobals) = postSolution
		SolutionGuid = {CAA302C4-249E-4035-9C21-CBFCFEFFDC8B}
	EndGlobalSection
EndGlobal
